
Microsoft Visual Studio Solution File, Format Version 12.00
# Visual Studio Version 17
VisualStudioVersion = 17.3.32929.385
MinimumVisualStudioVersion = 10.0.40219.1
Project("{FAE04EC0-301F-11D3-BF4B-00C04F79EFBC}") = "WebApplication1", "WebApplication1.csproj", "{EDEEFBC8-401A-40EA-9EEE-BCC04BA8110A}"
EndProject
Global
	GlobalSection(SolutionConfigurationPlatforms) = preSolution
		Debug|Any CPU = Debug|Any CPU
		Release|Any CPU = Release|Any CPU
	EndGlobalSection
	GlobalSection(ProjectConfigurationPlatforms) = postSolution
		{EDEEFBC8-401A-40EA-9EEE-BCC04BA8110A}.Debug|Any CPU.ActiveCfg = Debug|Any CPU
		{EDEEFBC8-401A-40EA-9EEE-BCC04BA8110A}.Debug|Any CPU.Build.0 = Debug|Any CPU
		{EDEEFBC8-401A-40EA-9EEE-BCC04BA8110A}.Release|Any CPU.ActiveCfg = Release|Any CPU
		{EDEEFBC8-401A-40EA-9EEE-BCC04BA8110A}.Release|Any CPU.Build.0 = Release|Any CPU
	EndGlobalSection
	GlobalSection(SolutionProperties) = preSolution
		HideSolutionNode = FALSE
	EndGlobalSection
	GlobalSection(ExtensibilityGlobals) = postSolution
		SolutionGuid = {973D70F1-C2B1-4C78-A3CB-6B188D7F8200}
	EndGlobalSection
EndGlobal
